
Microsoft Visual Studio Solution File, Format Version 12.00
# Visual Studio 2013
VisualStudioVersion = 12.0.30110.0
MinimumVisualStudioVersion = 10.0.40219.1
Project("{FAE04EC0-301F-11D3-BF4B-00C04F79EFBC}") = "SESL.NET", "SESL.NET\SESL.NET.csproj", "{A27657C7-A958-460E-8E71-924CF31AD35D}"
EndProject
Project("{2150E333-8FDC-42A3-9474-1A3956D46DE8}") = "Solution Items", "Solution Items", "{6E2BD845-C24B-4F80-AD77-4F69B3C4DEBC}"
	ProjectSection(SolutionItems) = preProject
		SESL.NET.testsettings = SESL.NET.testsettings
	EndProjectSection
EndProject
Project("{FAE04EC0-301F-11D3-BF4B-00C04F79EFBC}") = "SESL.NET.Tests", "SESL.NET.Tests\SESL.NET.Tests.csproj", "{77C0CDBC-CE2D-4115-B0BB-AE27FE29E97D}"
EndProject
Global
	GlobalSection(SolutionConfigurationPlatforms) = preSolution
		Debug|Any CPU = Debug|Any CPU
		Release|Any CPU = Release|Any CPU
	EndGlobalSection
	GlobalSection(ProjectConfigurationPlatforms) = postSolution
		{A27657C7-A958-460E-8E71-924CF31AD35D}.Debug|Any CPU.ActiveCfg = Debug|Any CPU
		{A27657C7-A958-460E-8E71-924CF31AD35D}.Debug|Any CPU.Build.0 = Debug|Any CPU
		{A27657C7-A958-460E-8E71-924CF31AD35D}.Release|Any CPU.ActiveCfg = Release|Any CPU
		{A27657C7-A958-460E-8E71-924CF31AD35D}.Release|Any CPU.Build.0 = Release|Any CPU
		{77C0CDBC-CE2D-4115-B0BB-AE27FE29E97D}.Debug|Any CPU.ActiveCfg = Debug|Any CPU
		{77C0CDBC-CE2D-4115-B0BB-AE27FE29E97D}.Debug|Any CPU.Build.0 = Debug|Any CPU
		{77C0CDBC-CE2D-4115-B0BB-AE27FE29E97D}.Release|Any CPU.ActiveCfg = Release|Any CPU
		{77C0CDBC-CE2D-4115-B0BB-AE27FE29E97D}.Release|Any CPU.Build.0 = Release|Any CPU
	EndGlobalSection
	GlobalSection(SolutionProperties) = preSolution
		HideSolutionNode = FALSE
	EndGlobalSection
EndGlobal
